
Microsoft Visual Studio Solution File, Format Version 12.00
# Visual Studio Version 16
VisualStudioVersion = 16.0.31911.196
MinimumVisualStudioVersion = 10.0.40219.1
Project("{888888A0-9F3D-457C-B088-3A5042F75D52}") = "string_method", "string_method.pyproj", "{AA495E62-04C3-486E-8613-6B0C3FD3EDF9}"
EndProject
Global
	GlobalSection(SolutionConfigurationPlatforms) = preSolution
		Debug|Any CPU = Debug|Any CPU
		Release|Any CPU = Release|Any CPU
	EndGlobalSection
	GlobalSection(ProjectConfigurationPlatforms) = postSolution
		{AA495E62-04C3-486E-8613-6B0C3FD3EDF9}.Debug|Any CPU.ActiveCfg = Debug|Any CPU
		{AA495E62-04C3-486E-8613-6B0C3FD3EDF9}.Release|Any CPU.ActiveCfg = Release|Any CPU
	EndGlobalSection
	GlobalSection(SolutionProperties) = preSolution
		HideSolutionNode = FALSE
	EndGlobalSection
	GlobalSection(ExtensibilityGlobals) = postSolution
		SolutionGuid = {5DA942FA-A662-4651-8D9E-647A8D4C36B4}
	EndGlobalSection
EndGlobal
